
Microsoft Visual Studio Solution File, Format Version 12.00
# Visual Studio Version 16
VisualStudioVersion = 16.0.30225.117
MinimumVisualStudioVersion = 10.0.40219.1
Project("{FAE04EC0-301F-11D3-BF4B-00C04F79EFBC}") = "Collection", "Collection\Collection.csproj", "{62686183-BDD5-4EEC-BF11-2F1CB8540A38}"
EndProject
Global
	GlobalSection(SolutionConfigurationPlatforms) = preSolution
		Debug|Any CPU = Debug|Any CPU
		Release|Any CPU = Release|Any CPU
	EndGlobalSection
	GlobalSection(ProjectConfigurationPlatforms) = postSolution
		{62686183-BDD5-4EEC-BF11-2F1CB8540A38}.Debug|Any CPU.ActiveCfg = Debug|Any CPU
		{62686183-BDD5-4EEC-BF11-2F1CB8540A38}.Debug|Any CPU.Build.0 = Debug|Any CPU
		{62686183-BDD5-4EEC-BF11-2F1CB8540A38}.Release|Any CPU.ActiveCfg = Release|Any CPU
		{62686183-BDD5-4EEC-BF11-2F1CB8540A38}.Release|Any CPU.Build.0 = Release|Any CPU
	EndGlobalSection
	GlobalSection(SolutionProperties) = preSolution
		HideSolutionNode = FALSE
	EndGlobalSection
	GlobalSection(ExtensibilityGlobals) = postSolution
		SolutionGuid = {5D0F00B8-0774-4FED-ACB3-6C367246ADEE}
	EndGlobalSection
EndGlobal
